
Microsoft Visual Studio Solution File, Format Version 12.00
# Visual Studio 15
VisualStudioVersion = 15.0.27428.2015
MinimumVisualStudioVersion = 10.0.40219.1
Project("{FAE04EC0-301F-11D3-BF4B-00C04F79EFBC}") = "Adventure_Game", "Adventure_Game\Adventure_Game.csproj", "{9B937DED-7928-4010-A767-6DDF0EA4B41C}"
EndProject
Global
	GlobalSection(SolutionConfigurationPlatforms) = preSolution
		Debug|Any CPU = Debug|Any CPU
		Release|Any CPU = Release|Any CPU
	EndGlobalSection
	GlobalSection(ProjectConfigurationPlatforms) = postSolution
		{9B937DED-7928-4010-A767-6DDF0EA4B41C}.Debug|Any CPU.ActiveCfg = Debug|Any CPU
		{9B937DED-7928-4010-A767-6DDF0EA4B41C}.Debug|Any CPU.Build.0 = Debug|Any CPU
		{9B937DED-7928-4010-A767-6DDF0EA4B41C}.Release|Any CPU.ActiveCfg = Release|Any CPU
		{9B937DED-7928-4010-A767-6DDF0EA4B41C}.Release|Any CPU.Build.0 = Release|Any CPU
	EndGlobalSection
	GlobalSection(SolutionProperties) = preSolution
		HideSolutionNode = FALSE
	EndGlobalSection
	GlobalSection(ExtensibilityGlobals) = postSolution
		SolutionGuid = {AFB3509A-8C0D-473F-882D-358C48366B35}
	EndGlobalSection
EndGlobal
